{
  "checksum": "b253d194e62b13ec15f0dcc8303787a719ff346d719f7ddfb52006ddda0a0eec",
  "crates": {
    "anyhow 1.0.98": {
      "name": "anyhow",
      "version": "1.0.98",
      "package_url": "https://github.com/dtolnay/anyhow",
      "repository": {
        "Http": {
          "url": "https://static.crates.io/crates/anyhow/1.0.98/download",
          "sha256": "e16d2d3311acee920a9eb8d33b8cbc1787ce4a264e85f964c2404b969bdcd487"
        }
      },
      "targets": [
        {
          "Library": {
            "crate_name": "anyhow",
            "crate_root": "src/lib.rs",
            "srcs": {
              "allow_empty": true,
              "include": [
                "**/*.rs"
              ]
            }
          }
        },
        {
          "BuildScript": {
            "crate_name": "build_script_build",
            "crate_root": "build.rs",
            "srcs": {
              "allow_empty": true,
              "include": [
                "**/*.rs"
              ]
            }
          }
        }
      ],
      "library_target_name": "anyhow",
      "common_attrs": {
        "compile_data_glob": [
          "**"
        ],
        "crate_features": {
          "common": [
            "default",
            "std"
          ],
          "selects": {}
        },
        "deps": {
          "common": [
            {
              "id": "anyhow 1.0.98",
              "target": "build_script_build"
            }
          ],
          "selects": {}
        },
        "edition": "2018",
        "version": "1.0.98"
      },
      "build_script_attrs": {
        "compile_data_glob": [
          "**"
        ],
        "data_glob": [
          "**"
        ]
      },
      "license": "MIT OR Apache-2.0",
      "license_ids": [
        "Apache-2.0",
        "MIT"
      ],
      "license_file": "LICENSE-APACHE"
    },
    "lib_a 0.1.0": {
      "name": "lib_a",
      "version": "0.1.0",
      "package_url": null,
      "repository": null,
      "targets": [
        {
          "Library": {
            "crate_name": "lib_a",
            "crate_root": "src/lib.rs",
            "srcs": {
              "allow_empty": true,
              "include": [
                "**/*.rs"
              ]
            }
          }
        }
      ],
      "library_target_name": "lib_a",
      "common_attrs": {
        "compile_data_glob": [
          "**"
        ],
        "edition": "2024",
        "version": "0.1.0"
      },
      "license": null,
      "license_ids": [],
      "license_file": null
    },
    "lib_cxx 0.1.0": {
      "name": "lib_cxx",
      "version": "0.1.0",
      "package_url": null,
      "repository": null,
      "targets": [],
      "library_target_name": null,
      "common_attrs": {
        "compile_data_glob": [
          "**"
        ],
        "deps": {
          "common": [
            {
              "id": "anyhow 1.0.98",
              "target": "anyhow"
            }
          ],
          "selects": {}
        },
        "edition": "2024",
        "version": "0.1.0"
      },
      "license": null,
      "license_ids": [],
      "license_file": null
    }
  },
  "binary_crates": [],
  "workspace_members": {
    "lib_a 0.1.0": "modules/lib_a",
    "lib_cxx 0.1.0": "modules/lib_cxx"
  },
  "conditions": {
    "aarch64-apple-darwin": [
      "aarch64-apple-darwin"
    ],
    "aarch64-unknown-linux-gnu": [
      "aarch64-unknown-linux-gnu"
    ],
    "wasm32-unknown-unknown": [
      "wasm32-unknown-unknown"
    ],
    "wasm32-wasip1": [
      "wasm32-wasip1"
    ],
    "x86_64-pc-windows-msvc": [
      "x86_64-pc-windows-msvc"
    ],
    "x86_64-unknown-linux-gnu": [
      "x86_64-unknown-linux-gnu"
    ],
    "x86_64-unknown-nixos-gnu": [
      "x86_64-unknown-nixos-gnu"
    ]
  },
  "direct_deps": [
    "anyhow 1.0.98"
  ],
  "direct_dev_deps": [],
  "unused_patches": []
}
